
Microsoft Visual Studio Solution File, Format Version 12.00
# Visual Studio Version 16
VisualStudioVersion = 16.0.30114.105
MinimumVisualStudioVersion = 10.0.40219.1
Project("{FAE04EC0-301F-11D3-BF4B-00C04F79EFBC}") = "UsuariosProject", "UsuariosProject\UsuariosProject.csproj", "{3C374663-CA56-4BD1-B9D5-A1E36680A2AE}"
EndProject
Global
	GlobalSection(SolutionConfigurationPlatforms) = preSolution
		Debug|Any CPU = Debug|Any CPU
		Release|Any CPU = Release|Any CPU
	EndGlobalSection
	GlobalSection(ProjectConfigurationPlatforms) = postSolution
		{3C374663-CA56-4BD1-B9D5-A1E36680A2AE}.Debug|Any CPU.ActiveCfg = Debug|Any CPU
		{3C374663-CA56-4BD1-B9D5-A1E36680A2AE}.Debug|Any CPU.Build.0 = Debug|Any CPU
		{3C374663-CA56-4BD1-B9D5-A1E36680A2AE}.Release|Any CPU.ActiveCfg = Release|Any CPU
		{3C374663-CA56-4BD1-B9D5-A1E36680A2AE}.Release|Any CPU.Build.0 = Release|Any CPU
	EndGlobalSection
	GlobalSection(SolutionProperties) = preSolution
		HideSolutionNode = FALSE
	EndGlobalSection
	GlobalSection(ExtensibilityGlobals) = postSolution
		SolutionGuid = {348E005C-6C0F-4B92-841C-E9301B779AEE}
	EndGlobalSection
EndGlobal
